
Microsoft Visual Studio Solution File, Format Version 12.00
Project("{FAE04EC0-301F-11D3-BF4B-00C04F79EFBC}") = "EastwardPacker", "EastwardPacker\EastwardPacker.csproj", "{60DD4608-6EF5-4568-BD69-166BADEBC293}"
EndProject
Project("{FAE04EC0-301F-11D3-BF4B-00C04F79EFBC}") = "Hmg2Image", "Hmg2Image\Hmg2Image.csproj", "{D0A45DD0-0930-462D-B1A9-85A968C6199F}"
EndProject
Project("{FAE04EC0-301F-11D3-BF4B-00C04F79EFBC}") = "AtlasExtractor", "AtlasExtractor\AtlasExtractor.csproj", "{FF18A2D0-FB41-41AC-9F32-AF1C1C30234E}"
EndProject
Project("{FAE04EC0-301F-11D3-BF4B-00C04F79EFBC}") = "Image2Hmg", "Image2Hmg\Image2Hmg.csproj", "{9B157D81-A5C0-4B6A-A3F1-4698E450614E}"
EndProject
Project("{FAE04EC0-301F-11D3-BF4B-00C04F79EFBC}") = "EastwardLib", "EastwardLib\EastwardLib.csproj", "{97842996-1012-4C8B-9C98-8C4D4E64256A}"
EndProject
Global
	GlobalSection(SolutionConfigurationPlatforms) = preSolution
		Debug|Any CPU = Debug|Any CPU
		Release|Any CPU = Release|Any CPU
	EndGlobalSection
	GlobalSection(ProjectConfigurationPlatforms) = postSolution
		{60DD4608-6EF5-4568-BD69-166BADEBC293}.Debug|Any CPU.ActiveCfg = Debug|Any CPU
		{60DD4608-6EF5-4568-BD69-166BADEBC293}.Debug|Any CPU.Build.0 = Debug|Any CPU
		{60DD4608-6EF5-4568-BD69-166BADEBC293}.Release|Any CPU.ActiveCfg = Release|Any CPU
		{60DD4608-6EF5-4568-BD69-166BADEBC293}.Release|Any CPU.Build.0 = Release|Any CPU
		{D0A45DD0-0930-462D-B1A9-85A968C6199F}.Debug|Any CPU.ActiveCfg = Debug|Any CPU
		{D0A45DD0-0930-462D-B1A9-85A968C6199F}.Debug|Any CPU.Build.0 = Debug|Any CPU
		{D0A45DD0-0930-462D-B1A9-85A968C6199F}.Release|Any CPU.ActiveCfg = Release|Any CPU
		{D0A45DD0-0930-462D-B1A9-85A968C6199F}.Release|Any CPU.Build.0 = Release|Any CPU
		{FF18A2D0-FB41-41AC-9F32-AF1C1C30234E}.Debug|Any CPU.ActiveCfg = Debug|Any CPU
		{FF18A2D0-FB41-41AC-9F32-AF1C1C30234E}.Debug|Any CPU.Build.0 = Debug|Any CPU
		{FF18A2D0-FB41-41AC-9F32-AF1C1C30234E}.Release|Any CPU.ActiveCfg = Release|Any CPU
		{FF18A2D0-FB41-41AC-9F32-AF1C1C30234E}.Release|Any CPU.Build.0 = Release|Any CPU
		{9B157D81-A5C0-4B6A-A3F1-4698E450614E}.Debug|Any CPU.ActiveCfg = Debug|Any CPU
		{9B157D81-A5C0-4B6A-A3F1-4698E450614E}.Debug|Any CPU.Build.0 = Debug|Any CPU
		{9B157D81-A5C0-4B6A-A3F1-4698E450614E}.Release|Any CPU.ActiveCfg = Release|Any CPU
		{9B157D81-A5C0-4B6A-A3F1-4698E450614E}.Release|Any CPU.Build.0 = Release|Any CPU
		{97842996-1012-4C8B-9C98-8C4D4E64256A}.Debug|Any CPU.ActiveCfg = Debug|Any CPU
		{97842996-1012-4C8B-9C98-8C4D4E64256A}.Debug|Any CPU.Build.0 = Debug|Any CPU
		{97842996-1012-4C8B-9C98-8C4D4E64256A}.Release|Any CPU.ActiveCfg = Release|Any CPU
		{97842996-1012-4C8B-9C98-8C4D4E64256A}.Release|Any CPU.Build.0 = Release|Any CPU
	EndGlobalSection
EndGlobal
